
Microsoft Visual Studio Solution File, Format Version 12.00
Project("{FAE04EC0-301F-11D3-BF4B-00C04F79EFBC}") = "Shared", "Shared\Shared.csproj", "{7042A365-B3A3-4583-A352-C7DF45A2893C}"
EndProject
Project("{FAE04EC0-301F-11D3-BF4B-00C04F79EFBC}") = "Unit", "Unit\Unit.csproj", "{A576247F-1DE5-424F-885E-43755498B874}"
EndProject
Global
	GlobalSection(SolutionConfigurationPlatforms) = preSolution
		Debug|Any CPU = Debug|Any CPU
		Release|Any CPU = Release|Any CPU
	EndGlobalSection
	GlobalSection(NestedProjects) = preSolution
	EndGlobalSection
	GlobalSection(ProjectConfigurationPlatforms) = postSolution
		{7042A365-B3A3-4583-A352-C7DF45A2893C}.Debug|Any CPU.ActiveCfg = Debug|Any CPU
		{7042A365-B3A3-4583-A352-C7DF45A2893C}.Debug|Any CPU.Build.0 = Debug|Any CPU
		{7042A365-B3A3-4583-A352-C7DF45A2893C}.Release|Any CPU.ActiveCfg = Release|Any CPU
		{7042A365-B3A3-4583-A352-C7DF45A2893C}.Release|Any CPU.Build.0 = Release|Any CPU
		{A576247F-1DE5-424F-885E-43755498B874}.Debug|Any CPU.ActiveCfg = Debug|Any CPU
		{A576247F-1DE5-424F-885E-43755498B874}.Debug|Any CPU.Build.0 = Debug|Any CPU
		{A576247F-1DE5-424F-885E-43755498B874}.Release|Any CPU.ActiveCfg = Release|Any CPU
		{A576247F-1DE5-424F-885E-43755498B874}.Release|Any CPU.Build.0 = Release|Any CPU
	EndGlobalSection
EndGlobal
